// !$*UTF8*$!
{
	archiveVersion = 1;
	classes = {
	};
	objectVersion = 50;
	objects = {

/* Begin PBXBuildFile section */
		CD182CB120B954A10000609D /* AppDelegate.swift in Sources */ = {isa = PBXBuildFile; fileRef = CD182CB020B954A10000609D /* AppDelegate.swift */; };
		CD182CB320B954A10000609D /* ViewController.swift in Sources */ = {isa = PBXBuildFile; fileRef = CD182CB220B954A10000609D /* ViewController.swift */; };
		CD182CB620B954A10000609D /* Main.storyboard in Resources */ = {isa = PBXBuildFile; fileRef = CD182CB420B954A10000609D /* Main.storyboard */; };
		CD182CB820B954A20000609D /* Assets.xcassets in Resources */ = {isa = PBXBuildFile; fileRef = CD182CB720B954A20000609D /* Assets.xcassets */; };
		CD182CBB20B954A20000609D /* LaunchScreen.storyboard in Resources */ = {isa = PBXBuildFile; fileRef = CD182CB920B954A20000609D /* LaunchScreen.storyboard */; };
		CD182CC920B954DA0000609D /* main.cpp in Sources */ = {isa = PBXBuildFile; fileRef = CD182CC820B954DA0000609D /* main.cpp */; };
		CD182CCF20B957EA0000609D /* libpqxx-6.2.dylib in Frameworks */ = {isa = PBXBuildFile; fileRef = CD182CCE20B957E90000609D /* libpqxx-6.2.dylib */; };
		CD182CD120B95EA50000609D /* WeatherConnection.swift in Sources */ = {isa = PBXBuildFile; fileRef = CD182CD020B95EA50000609D /* WeatherConnection.swift */; };
		CD182CD320B967C20000609D /* WeatherData.swift in Sources */ = {isa = PBXBuildFile; fileRef = CD182CD220B967C20000609D /* WeatherData.swift */; };
		CD182CDA20B982CF0000609D /* SwiftSocket.framework in Frameworks */ = {isa = PBXBuildFile; fileRef = CD182CD920B982C70000609D /* SwiftSocket.framework */; };
		CD182CDB20B982CF0000609D /* SwiftSocket.framework in Embed Frameworks */ = {isa = PBXBuildFile; fileRef = CD182CD920B982C70000609D /* SwiftSocket.framework */; settings = {ATTRIBUTES = (CodeSignOnCopy, RemoveHeadersOnCopy, ); }; };
		CD445B9720D2FD7C00783116 /* LICENSE in Resources */ = {isa = PBXBuildFile; fileRef = CD445B9620D2FD7C00783116 /* LICENSE */; };
		CD445B9920D2FE1700783116 /* README.md in Resources */ = {isa = PBXBuildFile; fileRef = CD445B9820D2FE1700783116 /* README.md */; };
		CD445B9C20D3282100783116 /* Database.cpp in Sources */ = {isa = PBXBuildFile; fileRef = CD445B9A20D3282100783116 /* Database.cpp */; };
		CD445BA020D32AC900783116 /* Socket.cpp in Sources */ = {isa = PBXBuildFile; fileRef = CD445B9E20D32AC900783116 /* Socket.cpp */; };
/* End PBXBuildFile section */

/* Begin PBXCopyFilesBuildPhase section */
		CD182CC420B954DA0000609D /* CopyFiles */ = {
			isa = PBXCopyFilesBuildPhase;
			buildActionMask = 2147483647;
			dstPath = /usr/share/man/man1/;
			dstSubfolderSpec = 0;
			files = (
			);
			runOnlyForDeploymentPostprocessing = 1;
		};
		CD182CD820B978F40000609D /* Embed Frameworks */ = {
			isa = PBXCopyFilesBuildPhase;
			buildActionMask = 2147483647;
			dstPath = "";
			dstSubfolderSpec = 10;
			files = (
				CD182CDB20B982CF0000609D /* SwiftSocket.framework in Embed Frameworks */,
			);
			name = "Embed Frameworks";
			runOnlyForDeploymentPostprocessing = 0;
		};
/* End PBXCopyFilesBuildPhase section */

/* Begin PBXFileReference section */
		CD182CAD20B954A10000609D /* WeatherStation.app */ = {isa = PBXFileReference; explicitFileType = wrapper.application; includeInIndex = 0; path = WeatherStation.app; sourceTree = BUILT_PRODUCTS_DIR; };
		CD182CB020B954A10000609D /* AppDelegate.swift */ = {isa = PBXFileReference; lastKnownFileType = sourcecode.swift; path = AppDelegate.swift; sourceTree = "<group>"; };
		CD182CB220B954A10000609D /* ViewController.swift */ = {isa = PBXFileReference; lastKnownFileType = sourcecode.swift; path = ViewController.swift; sourceTree = "<group>"; };
		CD182CB520B954A10000609D /* Base */ = {isa = PBXFileReference; lastKnownFileType = file.storyboard; name = Base; path = Base.lproj/Main.storyboard; sourceTree = "<group>"; };
		CD182CB720B954A20000609D /* Assets.xcassets */ = {isa = PBXFileReference; lastKnownFileType = folder.assetcatalog; path = Assets.xcassets; sourceTree = "<group>"; };
		CD182CBA20B954A20000609D /* Base */ = {isa = PBXFileReference; lastKnownFileType = file.storyboard; name = Base; path = Base.lproj/LaunchScreen.storyboard; sourceTree = "<group>"; };
		CD182CBC20B954A20000609D /* Info.plist */ = {isa = PBXFileReference; lastKnownFileType = text.plist.xml; path = Info.plist; sourceTree = "<group>"; };
		CD182CC620B954DA0000609D /* WeatherServer */ = {isa = PBXFileReference; explicitFileType = "compiled.mach-o.executable"; includeInIndex = 0; path = WeatherServer; sourceTree = BUILT_PRODUCTS_DIR; };
		CD182CC820B954DA0000609D /* main.cpp */ = {isa = PBXFileReference; lastKnownFileType = sourcecode.cpp.cpp; path = main.cpp; sourceTree = "<group>"; };
		CD182CCE20B957E90000609D /* libpqxx-6.2.dylib */ = {isa = PBXFileReference; lastKnownFileType = "compiled.mach-o.dylib"; name = "libpqxx-6.2.dylib"; path = "../../../../../usr/local/Cellar/libpqxx/6.2.3/lib/libpqxx-6.2.dylib"; sourceTree = "<group>"; };
		CD182CD020B95EA50000609D /* WeatherConnection.swift */ = {isa = PBXFileReference; lastKnownFileType = sourcecode.swift; path = WeatherConnection.swift; sourceTree = "<group>"; };
		CD182CD220B967C20000609D /* WeatherData.swift */ = {isa = PBXFileReference; lastKnownFileType = sourcecode.swift; path = WeatherData.swift; sourceTree = "<group>"; };
		CD182CD420B977AC0000609D /* Cartfile */ = {isa = PBXFileReference; lastKnownFileType = text; path = Cartfile; sourceTree = "<group>"; };
		CD182CD920B982C70000609D /* SwiftSocket.framework */ = {isa = PBXFileReference; lastKnownFileType = wrapper.framework; name = SwiftSocket.framework; path = Carthage/Build/iOS/SwiftSocket.framework; sourceTree = "<group>"; };
		CD445B9620D2FD7C00783116 /* LICENSE */ = {isa = PBXFileReference; fileEncoding = 4; lastKnownFileType = text; path = LICENSE; sourceTree = "<group>"; };
		CD445B9820D2FE1700783116 /* README.md */ = {isa = PBXFileReference; fileEncoding = 4; lastKnownFileType = net.daringfireball.markdown; path = README.md; sourceTree = "<group>"; };
		CD445B9A20D3282100783116 /* Database.cpp */ = {isa = PBXFileReference; lastKnownFileType = sourcecode.cpp.cpp; path = Database.cpp; sourceTree = "<group>"; };
		CD445B9B20D3282100783116 /* Database.h */ = {isa = PBXFileReference; lastKnownFileType = sourcecode.c.h; path = Database.h; sourceTree = "<group>"; };
		CD445B9D20D328AC00783116 /* DataPacket.h */ = {isa = PBXFileReference; lastKnownFileType = sourcecode.c.h; path = DataPacket.h; sourceTree = "<group>"; };
		CD445B9E20D32AC900783116 /* Socket.cpp */ = {isa = PBXFileReference; lastKnownFileType = sourcecode.cpp.cpp; path = Socket.cpp; sourceTree = "<group>"; };
		CD445B9F20D32AC900783116 /* Socket.h */ = {isa = PBXFileReference; lastKnownFileType = sourcecode.c.h; path = Socket.h; sourceTree = "<group>"; };
		CD445BA120D3339300783116 /* weather_server.sql */ = {isa = PBXFileReference; lastKnownFileType = text; path = weather_server.sql; sourceTree = "<group>"; };
/* End PBXFileReference section */

/* Begin PBXFrameworksBuildPhase section */
		CD182CAA20B954A10000609D /* Frameworks */ = {
			isa = PBXFrameworksBuildPhase;
			buildActionMask = 2147483647;
			files = (
				CD182CDA20B982CF0000609D /* SwiftSocket.framework in Frameworks */,
			);
			runOnlyForDeploymentPostprocessing = 0;
		};
		CD182CC320B954DA0000609D /* Frameworks */ = {
			isa = PBXFrameworksBuildPhase;
			buildActionMask = 2147483647;
			files = (
				CD182CCF20B957EA0000609D /* libpqxx-6.2.dylib in Frameworks */,
			);
			runOnlyForDeploymentPostprocessing = 0;
		};
/* End PBXFrameworksBuildPhase section */

/* Begin PBXGroup section */
		CD182CA420B954A10000609D = {
			isa = PBXGroup;
			children = (
				CD445B9820D2FE1700783116 /* README.md */,
				CD445B9620D2FD7C00783116 /* LICENSE */,
				CD182CD420B977AC0000609D /* Cartfile */,
				CD182CAF20B954A10000609D /* WeatherStation */,
				CD182CC720B954DA0000609D /* WeatherServer */,
				CD182CAE20B954A10000609D /* Products */,
				CD182CCD20B957E90000609D /* Frameworks */,
			);
			sourceTree = "<group>";
		};
		CD182CAE20B954A10000609D /* Products */ = {
			isa = PBXGroup;
			children = (
				CD182CAD20B954A10000609D /* WeatherStation.app */,
				CD182CC620B954DA0000609D /* WeatherServer */,
			);
			name = Products;
			sourceTree = "<group>";
		};
		CD182CAF20B954A10000609D /* WeatherStation */ = {
			isa = PBXGroup;
			children = (
				CD182CB020B954A10000609D /* AppDelegate.swift */,
				CD182CB220B954A10000609D /* ViewController.swift */,
				CD182CB420B954A10000609D /* Main.storyboard */,
				CD182CB720B954A20000609D /* Assets.xcassets */,
				CD182CB920B954A20000609D /* LaunchScreen.storyboard */,
				CD182CBC20B954A20000609D /* Info.plist */,
				CD182CD020B95EA50000609D /* WeatherConnection.swift */,
				CD182CD220B967C20000609D /* WeatherData.swift */,
			);
			path = WeatherStation;
			sourceTree = "<group>";
		};
		CD182CC720B954DA0000609D /* WeatherServer */ = {
			isa = PBXGroup;
			children = (
				CD182CC820B954DA0000609D /* main.cpp */,
				CD445B9A20D3282100783116 /* Database.cpp */,
				CD445B9B20D3282100783116 /* Database.h */,
				CD445B9D20D328AC00783116 /* DataPacket.h */,
				CD445B9E20D32AC900783116 /* Socket.cpp */,
				CD445B9F20D32AC900783116 /* Socket.h */,
				CD445BA120D3339300783116 /* weather_server.sql */,
			);
			path = WeatherServer;
			sourceTree = "<group>";
		};
		CD182CCD20B957E90000609D /* Frameworks */ = {
			isa = PBXGroup;
			children = (
				CD182CD920B982C70000609D /* SwiftSocket.framework */,
				CD182CCE20B957E90000609D /* libpqxx-6.2.dylib */,
			);
			name = Frameworks;
			sourceTree = "<group>";
		};
/* End PBXGroup section */

/* Begin PBXNativeTarget section */
		CD182CAC20B954A10000609D /* WeatherStation */ = {
			isa = PBXNativeTarget;
			buildConfigurationList = CD182CBF20B954A20000609D /* Build configuration list for PBXNativeTarget "WeatherStation" */;
			buildPhases = (
				CD182CA920B954A10000609D /* Sources */,
				CD182CAA20B954A10000609D /* Frameworks */,
				CD182CAB20B954A10000609D /* Resources */,
				CD182CD820B978F40000609D /* Embed Frameworks */,
			);
			buildRules = (
			);
			dependencies = (
			);
			name = WeatherStation;
			productName = WeatherStation;
			productReference = CD182CAD20B954A10000609D /* WeatherStation.app */;
			productType = "com.apple.product-type.application";
		};
		CD182CC520B954DA0000609D /* WeatherServer */ = {
			isa = PBXNativeTarget;
			buildConfigurationList = CD182CCA20B954DA0000609D /* Build configuration list for PBXNativeTarget "WeatherServer" */;
			buildPhases = (
				CD182CC220B954DA0000609D /* Sources */,
				CD182CC320B954DA0000609D /* Frameworks */,
				CD182CC420B954DA0000609D /* CopyFiles */,
			);
			buildRules = (
			);
			dependencies = (
			);
			name = WeatherServer;
			productName = WeatherServer;
			productReference = CD182CC620B954DA0000609D /* WeatherServer */;
			productType = "com.apple.product-type.tool";
		};
/* End PBXNativeTarget section */

/* Begin PBXProject section */
		CD182CA520B954A10000609D /* Project object */ = {
			isa = PBXProject;
			attributes = {
				LastSwiftUpdateCheck = 0930;
				LastUpgradeCheck = 0930;
				ORGANIZATIONNAME = "Gusts Kaksis";
				TargetAttributes = {
					CD182CAC20B954A10000609D = {
						CreatedOnToolsVersion = 9.3.1;
						SystemCapabilities = {
							com.apple.BackgroundModes = {
								enabled = 1;
							};
						};
					};
					CD182CC520B954DA0000609D = {
						CreatedOnToolsVersion = 9.3.1;
					};
				};
			};
			buildConfigurationList = CD182CA820B954A10000609D /* Build configuration list for PBXProject "WeatherStation" */;
			compatibilityVersion = "Xcode 9.3";
			developmentRegion = en;
			hasScannedForEncodings = 0;
			knownRegions = (
				en,
				Base,
			);
			mainGroup = CD182CA420B954A10000609D;
			productRefGroup = CD182CAE20B954A10000609D /* Products */;
			projectDirPath = "";
			projectRoot = "";
			targets = (
				CD182CAC20B954A10000609D /* WeatherStation */,
				CD182CC520B954DA0000609D /* WeatherServer */,
			);
		};
/* End PBXProject section */

/* Begin PBXResourcesBuildPhase section */
		CD182CAB20B954A10000609D /* Resources */ = {
			isa = PBXResourcesBuildPhase;
			buildActionMask = 2147483647;
			files = (
				CD182CBB20B954A20000609D /* LaunchScreen.storyboard in Resources */,
				CD182CB820B954A20000609D /* Assets.xcassets in Resources */,
				CD445B9920D2FE1700783116 /* README.md in Resources */,
				CD445B9720D2FD7C00783116 /* LICENSE in Resources */,
				CD182CB620B954A10000609D /* Main.storyboard in Resources */,
			);
			runOnlyForDeploymentPostprocessing = 0;
		};
/* End PBXResourcesBuildPhase section */

/* Begin PBXSourcesBuildPhase section */
		CD182CA920B954A10000609D /* Sources */ = {
			isa = PBXSourcesBuildPhase;
			buildActionMask = 2147483647;
			files = (
				CD182CD120B95EA50000609D /* WeatherConnection.swift in Sources */,
				CD182CB320B954A10000609D /* ViewController.swift in Sources */,
				CD182CD320B967C20000609D /* WeatherData.swift in Sources */,
				CD182CB120B954A10000609D /* AppDelegate.swift in Sources */,
			);
			runOnlyForDeploymentPostprocessing = 0;
		};
		CD182CC220B954DA0000609D /* Sources */ = {
			isa = PBXSourcesBuildPhase;
			buildActionMask = 2147483647;
			files = (
				CD445B9C20D3282100783116 /* Database.cpp in Sources */,
				CD445BA020D32AC900783116 /* Socket.cpp in Sources */,
				CD182CC920B954DA0000609D /* main.cpp in Sources */,
			);
			runOnlyForDeploymentPostprocessing = 0;
		};
/* End PBXSourcesBuildPhase section */

/* Begin PBXVariantGroup section */
		CD182CB420B954A10000609D /* Main.storyboard */ = {
			isa = PBXVariantGroup;
			children = (
				CD182CB520B954A10000609D /* Base */,
			);
			name = Main.storyboard;
			sourceTree = "<group>";
		};
		CD182CB920B954A20000609D /* LaunchScreen.storyboard */ = {
			isa = PBXVariantGroup;
			children = (
				CD182CBA20B954A20000609D /* Base */,
			);
			name = LaunchScreen.storyboard;
			sourceTree = "<group>";
		};
/* End PBXVariantGroup section */

/* Begin XCBuildConfiguration section */
		CD182CBD20B954A20000609D /* Debug */ = {
			isa = XCBuildConfiguration;
			buildSettings = {
				ALWAYS_SEARCH_USER_PATHS = NO;
				CLANG_ANALYZER_NONNULL = YES;
				CLANG_ANALYZER_NUMBER_OBJECT_CONVERSION = YES_AGGRESSIVE;
				CLANG_CXX_LANGUAGE_STANDARD = "gnu++14";
				CLANG_CXX_LIBRARY = "libc++";
				CLANG_ENABLE_MODULES = YES;
				CLANG_ENABLE_OBJC_ARC = YES;
				CLANG_ENABLE_OBJC_WEAK = YES;
				CLANG_WARN_BLOCK_CAPTURE_AUTORELEASING = YES;
				CLANG_WARN_BOOL_CONVERSION = YES;
				CLANG_WARN_COMMA = YES;
				CLANG_WARN_CONSTANT_CONVERSION = YES;
				CLANG_WARN_DEPRECATED_OBJC_IMPLEMENTATIONS = YES;
				CLANG_WARN_DIRECT_OBJC_ISA_USAGE = YES_ERROR;
				CLANG_WARN_DOCUMENTATION_COMMENTS = YES;
				CLANG_WARN_EMPTY_BODY = YES;
				CLANG_WARN_ENUM_CONVERSION = YES;
				CLANG_WARN_INFINITE_RECURSION = YES;
				CLANG_WARN_INT_CONVERSION = YES;
				CLANG_WARN_NON_LITERAL_NULL_CONVERSION = YES;
				CLANG_WARN_OBJC_IMPLICIT_RETAIN_SELF = YES;
				CLANG_WARN_OBJC_LITERAL_CONVERSION = YES;
				CLANG_WARN_OBJC_ROOT_CLASS = YES_ERROR;
				CLANG_WARN_RANGE_LOOP_ANALYSIS = YES;
				CLANG_WARN_STRICT_PROTOTYPES = YES;
				CLANG_WARN_SUSPICIOUS_MOVE = YES;
				CLANG_WARN_UNGUARDED_AVAILABILITY = YES_AGGRESSIVE;
				CLANG_WARN_UNREACHABLE_CODE = YES;
				CLANG_WARN__DUPLICATE_METHOD_MATCH = YES;
				CODE_SIGN_IDENTITY = "iPhone Developer";
				COPY_PHASE_STRIP = NO;
				DEBUG_INFORMATION_FORMAT = dwarf;
				ENABLE_STRICT_OBJC_MSGSEND = YES;
				ENABLE_TESTABILITY = YES;
				GCC_C_LANGUAGE_STANDARD = gnu11;
				GCC_DYNAMIC_NO_PIC = NO;
				GCC_NO_COMMON_BLOCKS = YES;
				GCC_OPTIMIZATION_LEVEL = 0;
				GCC_PREPROCESSOR_DEFINITIONS = (
					"DEBUG=1",
					"$(inherited)",
				);
				GCC_WARN_64_TO_32_BIT_CONVERSION = YES;
				GCC_WARN_ABOUT_RETURN_TYPE = YES_ERROR;
				GCC_WARN_UNDECLARED_SELECTOR = YES;
				GCC_WARN_UNINITIALIZED_AUTOS = YES_AGGRESSIVE;
				GCC_WARN_UNUSED_FUNCTION = YES;
				GCC_WARN_UNUSED_VARIABLE = YES;
				IPHONEOS_DEPLOYMENT_TARGET = 11.3;
				MTL_ENABLE_DEBUG_INFO = YES;
				ONLY_ACTIVE_ARCH = YES;
				SDKROOT = iphoneos;
				SWIFT_ACTIVE_COMPILATION_CONDITIONS = DEBUG;
				SWIFT_OPTIMIZATION_LEVEL = "-Onone";
			};
			name = Debug;
		};
		CD182CBE20B954A20000609D /* Release */ = {
			isa = XCBuildConfiguration;
			buildSettings = {
				ALWAYS_SEARCH_USER_PATHS = NO;
				CLANG_ANALYZER_NONNULL = YES;
				CLANG_ANALYZER_NUMBER_OBJECT_CONVERSION = YES_AGGRESSIVE;
				CLANG_CXX_LANGUAGE_STANDARD = "gnu++14";
				CLANG_CXX_LIBRARY = "libc++";
				CLANG_ENABLE_MODULES = YES;
				CLANG_ENABLE_OBJC_ARC = YES;
				CLANG_ENABLE_OBJC_WEAK = YES;
				CLANG_WARN_BLOCK_CAPTURE_AUTORELEASING = YES;
				CLANG_WARN_BOOL_CONVERSION = YES;
				CLANG_WARN_COMMA = YES;
				CLANG_WARN_CONSTANT_CONVERSION = YES;
				CLANG_WARN_DEPRECATED_OBJC_IMPLEMENTATIONS = YES;
				CLANG_WARN_DIRECT_OBJC_ISA_USAGE = YES_ERROR;
				CLANG_WARN_DOCUMENTATION_COMMENTS = YES;
				CLANG_WARN_EMPTY_BODY = YES;
				CLANG_WARN_ENUM_CONVERSION = YES;
				CLANG_WARN_INFINITE_RECURSION = YES;
				CLANG_WARN_INT_CONVERSION = YES;
				CLANG_WARN_NON_LITERAL_NULL_CONVERSION = YES;
				CLANG_WARN_OBJC_IMPLICIT_RETAIN_SELF = YES;
				CLANG_WARN_OBJC_LITERAL_CONVERSION = YES;
				CLANG_WARN_OBJC_ROOT_CLASS = YES_ERROR;
				CLANG_WARN_RANGE_LOOP_ANALYSIS = YES;
				CLANG_WARN_STRICT_PROTOTYPES = YES;
				CLANG_WARN_SUSPICIOUS_MOVE = YES;
				CLANG_WARN_UNGUARDED_AVAILABILITY = YES_AGGRESSIVE;
				CLANG_WARN_UNREACHABLE_CODE = YES;
				CLANG_WARN__DUPLICATE_METHOD_MATCH = YES;
				CODE_SIGN_IDENTITY = "iPhone Developer";
				COPY_PHASE_STRIP = NO;
				DEBUG_INFORMATION_FORMAT = "dwarf-with-dsym";
				ENABLE_NS_ASSERTIONS = NO;
				ENABLE_STRICT_OBJC_MSGSEND = YES;
				GCC_C_LANGUAGE_STANDARD = gnu11;
				GCC_NO_COMMON_BLOCKS = YES;
				GCC_WARN_64_TO_32_BIT_CONVERSION = YES;
				GCC_WARN_ABOUT_RETURN_TYPE = YES_ERROR;
				GCC_WARN_UNDECLARED_SELECTOR = YES;
				GCC_WARN_UNINITIALIZED_AUTOS = YES_AGGRESSIVE;
				GCC_WARN_UNUSED_FUNCTION = YES;
				GCC_WARN_UNUSED_VARIABLE = YES;
				IPHONEOS_DEPLOYMENT_TARGET = 11.3;
				MTL_ENABLE_DEBUG_INFO = NO;
				SDKROOT = iphoneos;
				SWIFT_COMPILATION_MODE = wholemodule;
				SWIFT_OPTIMIZATION_LEVEL = "-O";
				VALIDATE_PRODUCT = YES;
			};
			name = Release;
		};
		CD182CC020B954A20000609D /* Debug */ = {
			isa = XCBuildConfiguration;
			buildSettings = {
				ASSETCATALOG_COMPILER_APPICON_NAME = AppIcon;
				CODE_SIGN_STYLE = Automatic;
				DEVELOPMENT_TEAM = REEBYBQBN9;
				FRAMEWORK_SEARCH_PATHS = (
					"$(inherited)",
					"$(PROJECT_DIR)/Carthage/Build/iOS",
				);
				INFOPLIST_FILE = WeatherStation/Info.plist;
				LD_RUNPATH_SEARCH_PATHS = (
					"$(inherited)",
					"@executable_path/Frameworks",
				);
				PRODUCT_BUNDLE_IDENTIFIER = lv.gusc.WeatherStation;
				PRODUCT_NAME = "$(TARGET_NAME)";
				SWIFT_VERSION = 4.0;
				TARGETED_DEVICE_FAMILY = "1,2";
			};
			name = Debug;
		};
		CD182CC120B954A20000609D /* Release */ = {
			isa = XCBuildConfiguration;
			buildSettings = {
				ASSETCATALOG_COMPILER_APPICON_NAME = AppIcon;
				CODE_SIGN_STYLE = Automatic;
				DEVELOPMENT_TEAM = REEBYBQBN9;
				FRAMEWORK_SEARCH_PATHS = (
					"$(inherited)",
					"$(PROJECT_DIR)/Carthage/Build/iOS",
				);
				INFOPLIST_FILE = WeatherStation/Info.plist;
				LD_RUNPATH_SEARCH_PATHS = (
					"$(inherited)",
					"@executable_path/Frameworks",
				);
				PRODUCT_BUNDLE_IDENTIFIER = lv.gusc.WeatherStation;
				PRODUCT_NAME = "$(TARGET_NAME)";
				SWIFT_VERSION = 4.0;
				TARGETED_DEVICE_FAMILY = "1,2";
			};
			name = Release;
		};
		CD182CCB20B954DA0000609D /* Debug */ = {
			isa = XCBuildConfiguration;
			buildSettings = {
				CODE_SIGN_IDENTITY = "Mac Developer";
				CODE_SIGN_STYLE = Automatic;
				DEVELOPMENT_TEAM = JVZU86833U;
				HEADER_SEARCH_PATHS = /usr/local/include;
				LIBRARY_SEARCH_PATHS = (
					"$(inherited)",
					/usr/local/Cellar/libpqxx/6.2.3/lib,
				);
				MACOSX_DEPLOYMENT_TARGET = 10.13;
				PRODUCT_NAME = "$(TARGET_NAME)";
				SDKROOT = macosx;
			};
			name = Debug;
		};
		CD182CCC20B954DA0000609D /* Release */ = {
			isa = XCBuildConfiguration;
			buildSettings = {
				CODE_SIGN_IDENTITY = "Mac Developer";
				CODE_SIGN_STYLE = Automatic;
				DEVELOPMENT_TEAM = JVZU86833U;
				HEADER_SEARCH_PATHS = /usr/local/include;
				LIBRARY_SEARCH_PATHS = (
					"$(inherited)",
					/usr/local/Cellar/libpqxx/6.2.3/lib,
				);
				MACOSX_DEPLOYMENT_TARGET = 10.13;
				PRODUCT_NAME = "$(TARGET_NAME)";
				SDKROOT = macosx;
			};
			name = Release;
		};
/* End XCBuildConfiguration section */

/* Begin XCConfigurationList section */
		CD182CA820B954A10000609D /* Build configuration list for PBXProject "WeatherStation" */ = {
			isa = XCConfigurationList;
			buildConfigurations = (
				CD182CBD20B954A20000609D /* Debug */,
				CD182CBE20B954A20000609D /* Release */,
			);
			defaultConfigurationIsVisible = 0;
			defaultConfigurationName = Release;
		};
		CD182CBF20B954A20000609D /* Build configuration list for PBXNativeTarget "WeatherStation" */ = {
			isa = XCConfigurationList;
			buildConfigurations = (
				CD182CC020B954A20000609D /* Debug */,
				CD182CC120B954A20000609D /* Release */,
			);
			defaultConfigurationIsVisible = 0;
			defaultConfigurationName = Release;
		};
		CD182CCA20B954DA0000609D /* Build configuration list for PBXNativeTarget "WeatherServer" */ = {
			isa = XCConfigurationList;
			buildConfigurations = (
				CD182CCB20B954DA0000609D /* Debug */,
				CD182CCC20B954DA0000609D /* Release */,
			);
			defaultConfigurationIsVisible = 0;
			defaultConfigurationName = Release;
		};
/* End XCConfigurationList section */
	};
	rootObject = CD182CA520B954A10000609D /* Project object */;
}
